
Microsoft Visual Studio Solution File, Format Version 12.00
# Visual Studio Version 16
VisualStudioVersion = 16.0.30320.27
MinimumVisualStudioVersion = 10.0.40219.1
Project("{FAE04EC0-301F-11D3-BF4B-00C04F79EFBC}") = "ReviewService", "ReviewService\ReviewService.csproj", "{66338EB6-BB86-4E46-B13B-0E78A9A2EC40}"
EndProject
Global
	GlobalSection(SolutionConfigurationPlatforms) = preSolution
		Debug|Any CPU = Debug|Any CPU
		Release|Any CPU = Release|Any CPU
	EndGlobalSection
	GlobalSection(ProjectConfigurationPlatforms) = postSolution
		{66338EB6-BB86-4E46-B13B-0E78A9A2EC40}.Debug|Any CPU.ActiveCfg = Debug|Any CPU
		{66338EB6-BB86-4E46-B13B-0E78A9A2EC40}.Debug|Any CPU.Build.0 = Debug|Any CPU
		{66338EB6-BB86-4E46-B13B-0E78A9A2EC40}.Release|Any CPU.ActiveCfg = Release|Any CPU
		{66338EB6-BB86-4E46-B13B-0E78A9A2EC40}.Release|Any CPU.Build.0 = Release|Any CPU
	EndGlobalSection
	GlobalSection(SolutionProperties) = preSolution
		HideSolutionNode = FALSE
	EndGlobalSection
	GlobalSection(ExtensibilityGlobals) = postSolution
		SolutionGuid = {08D90E4C-C37A-4837-9B0B-436E2657CB5D}
	EndGlobalSection
EndGlobal
